// !$*UTF8*$!
{
	archiveVersion = 1;
	classes = {
	};
	objectVersion = 50;
	objects = {

/* Begin PBXBuildFile section */
		47801B862500A68F00D2B91F /* AppDelegate.swift in Sources */ = {isa = PBXBuildFile; fileRef = 47801B852500A68F00D2B91F /* AppDelegate.swift */; };
		47801B882500A68F00D2B91F /* SceneDelegate.swift in Sources */ = {isa = PBXBuildFile; fileRef = 47801B872500A68F00D2B91F /* SceneDelegate.swift */; };
		47801B8F2500A69000D2B91F /* Assets.xcassets in Resources */ = {isa = PBXBuildFile; fileRef = 47801B8E2500A69000D2B91F /* Assets.xcassets */; };
		47801B922500A69000D2B91F /* LaunchScreen.storyboard in Resources */ = {isa = PBXBuildFile; fileRef = 47801B902500A69000D2B91F /* LaunchScreen.storyboard */; };
		47801B9F2500A9FE00D2B91F /* UIView+Ext.swift in Sources */ = {isa = PBXBuildFile; fileRef = 47801B9E2500A9FE00D2B91F /* UIView+Ext.swift */; };
		47801BA12500AA3B00D2B91F /* UIColor+Ext.swift in Sources */ = {isa = PBXBuildFile; fileRef = 47801BA02500AA3B00D2B91F /* UIColor+Ext.swift */; };
		47801BA52500AAEA00D2B91F /* CreateDonationVC.swift in Sources */ = {isa = PBXBuildFile; fileRef = 47801BA42500AAEA00D2B91F /* CreateDonationVC.swift */; };
		47801BA72500AB0D00D2B91F /* DonationListVC.swift in Sources */ = {isa = PBXBuildFile; fileRef = 47801BA62500AB0D00D2B91F /* DonationListVC.swift */; };
		47801BAA2500AE2200D2B91F /* SHTabBar.swift in Sources */ = {isa = PBXBuildFile; fileRef = 47801BA92500AE2200D2B91F /* SHTabBar.swift */; };
/* End PBXBuildFile section */

/* Begin PBXFileReference section */
		47801B822500A68F00D2B91F /* SKATE with Heart.app */ = {isa = PBXFileReference; explicitFileType = wrapper.application; includeInIndex = 0; path = "SKATE with Heart.app"; sourceTree = BUILT_PRODUCTS_DIR; };
		47801B852500A68F00D2B91F /* AppDelegate.swift */ = {isa = PBXFileReference; lastKnownFileType = sourcecode.swift; path = AppDelegate.swift; sourceTree = "<group>"; };
		47801B872500A68F00D2B91F /* SceneDelegate.swift */ = {isa = PBXFileReference; lastKnownFileType = sourcecode.swift; path = SceneDelegate.swift; sourceTree = "<group>"; };
		47801B8E2500A69000D2B91F /* Assets.xcassets */ = {isa = PBXFileReference; lastKnownFileType = folder.assetcatalog; path = Assets.xcassets; sourceTree = "<group>"; };
		47801B912500A69000D2B91F /* Base */ = {isa = PBXFileReference; lastKnownFileType = file.storyboard; name = Base; path = Base.lproj/LaunchScreen.storyboard; sourceTree = "<group>"; };
		47801B932500A69000D2B91F /* Info.plist */ = {isa = PBXFileReference; lastKnownFileType = text.plist.xml; path = Info.plist; sourceTree = "<group>"; };
		47801B9E2500A9FE00D2B91F /* UIView+Ext.swift */ = {isa = PBXFileReference; lastKnownFileType = sourcecode.swift; path = "UIView+Ext.swift"; sourceTree = "<group>"; };
		47801BA02500AA3B00D2B91F /* UIColor+Ext.swift */ = {isa = PBXFileReference; lastKnownFileType = sourcecode.swift; path = "UIColor+Ext.swift"; sourceTree = "<group>"; };
		47801BA42500AAEA00D2B91F /* CreateDonationVC.swift */ = {isa = PBXFileReference; lastKnownFileType = sourcecode.swift; path = CreateDonationVC.swift; sourceTree = "<group>"; };
		47801BA62500AB0D00D2B91F /* DonationListVC.swift */ = {isa = PBXFileReference; lastKnownFileType = sourcecode.swift; path = DonationListVC.swift; sourceTree = "<group>"; };
		47801BA92500AE2200D2B91F /* SHTabBar.swift */ = {isa = PBXFileReference; lastKnownFileType = sourcecode.swift; path = SHTabBar.swift; sourceTree = "<group>"; };
/* End PBXFileReference section */

/* Begin PBXFrameworksBuildPhase section */
		47801B7F2500A68F00D2B91F /* Frameworks */ = {
			isa = PBXFrameworksBuildPhase;
			buildActionMask = 2147483647;
			files = (
			);
			runOnlyForDeploymentPostprocessing = 0;
		};
/* End PBXFrameworksBuildPhase section */

/* Begin PBXGroup section */
		47801B792500A68F00D2B91F = {
			isa = PBXGroup;
			children = (
				47801B842500A68F00D2B91F /* SKATE with Heart */,
				47801B832500A68F00D2B91F /* Products */,
			);
			sourceTree = "<group>";
		};
		47801B832500A68F00D2B91F /* Products */ = {
			isa = PBXGroup;
			children = (
				47801B822500A68F00D2B91F /* SKATE with Heart.app */,
			);
			name = Products;
			sourceTree = "<group>";
		};
		47801B842500A68F00D2B91F /* SKATE with Heart */ = {
			isa = PBXGroup;
			children = (
				47801B992500A92E00D2B91F /* Models */,
				47801B9B2500A94900D2B91F /* Custom Views */,
				47801B9A2500A93600D2B91F /* Scenes */,
				47801B9D2500A9C700D2B91F /* Extensions */,
				47801B9C2500A96700D2B91F /* Support Files */,
			);
			path = "SKATE with Heart";
			sourceTree = "<group>";
		};
		47801B992500A92E00D2B91F /* Models */ = {
			isa = PBXGroup;
			children = (
			);
			path = Models;
			sourceTree = "<group>";
		};
		47801B9A2500A93600D2B91F /* Scenes */ = {
			isa = PBXGroup;
			children = (
				47801BA22500AAAC00D2B91F /* Create Donation */,
				47801BA32500AAC200D2B91F /* Donations List */,
			);
			path = Scenes;
			sourceTree = "<group>";
		};
		47801B9B2500A94900D2B91F /* Custom Views */ = {
			isa = PBXGroup;
			children = (
				47801BA82500ADF000D2B91F /* Tab Bar */,
			);
			path = "Custom Views";
			sourceTree = "<group>";
		};
		47801B9C2500A96700D2B91F /* Support Files */ = {
			isa = PBXGroup;
			children = (
				47801B852500A68F00D2B91F /* AppDelegate.swift */,
				47801B872500A68F00D2B91F /* SceneDelegate.swift */,
				47801B8E2500A69000D2B91F /* Assets.xcassets */,
				47801B902500A69000D2B91F /* LaunchScreen.storyboard */,
				47801B932500A69000D2B91F /* Info.plist */,
			);
			name = "Support Files";
			sourceTree = "<group>";
		};
		47801B9D2500A9C700D2B91F /* Extensions */ = {
			isa = PBXGroup;
			children = (
				47801B9E2500A9FE00D2B91F /* UIView+Ext.swift */,
				47801BA02500AA3B00D2B91F /* UIColor+Ext.swift */,
			);
			path = Extensions;
			sourceTree = "<group>";
		};
		47801BA22500AAAC00D2B91F /* Create Donation */ = {
			isa = PBXGroup;
			children = (
				47801BA42500AAEA00D2B91F /* CreateDonationVC.swift */,
			);
			path = "Create Donation";
			sourceTree = "<group>";
		};
		47801BA32500AAC200D2B91F /* Donations List */ = {
			isa = PBXGroup;
			children = (
				47801BA62500AB0D00D2B91F /* DonationListVC.swift */,
			);
			path = "Donations List";
			sourceTree = "<group>";
		};
		47801BA82500ADF000D2B91F /* Tab Bar */ = {
			isa = PBXGroup;
			children = (
				47801BA92500AE2200D2B91F /* SHTabBar.swift */,
			);
			path = "Tab Bar";
			sourceTree = "<group>";
		};
/* End PBXGroup section */

/* Begin PBXNativeTarget section */
		47801B812500A68F00D2B91F /* SKATE with Heart */ = {
			isa = PBXNativeTarget;
			buildConfigurationList = 47801B962500A69000D2B91F /* Build configuration list for PBXNativeTarget "SKATE with Heart" */;
			buildPhases = (
				47801B7E2500A68F00D2B91F /* Sources */,
				47801B7F2500A68F00D2B91F /* Frameworks */,
				47801B802500A68F00D2B91F /* Resources */,
			);
			buildRules = (
			);
			dependencies = (
			);
			name = "SKATE with Heart";
			productName = "SKATE with Heart";
			productReference = 47801B822500A68F00D2B91F /* SKATE with Heart.app */;
			productType = "com.apple.product-type.application";
		};
/* End PBXNativeTarget section */

/* Begin PBXProject section */
		47801B7A2500A68F00D2B91F /* Project object */ = {
			isa = PBXProject;
			attributes = {
				LastSwiftUpdateCheck = 1160;
				LastUpgradeCheck = 1160;
				ORGANIZATIONNAME = "Hansa Anuradha";
				TargetAttributes = {
					47801B812500A68F00D2B91F = {
						CreatedOnToolsVersion = 11.6;
					};
				};
			};
			buildConfigurationList = 47801B7D2500A68F00D2B91F /* Build configuration list for PBXProject "SKATE with Heart" */;
			compatibilityVersion = "Xcode 9.3";
			developmentRegion = en;
			hasScannedForEncodings = 0;
			knownRegions = (
				en,
				Base,
			);
			mainGroup = 47801B792500A68F00D2B91F;
			productRefGroup = 47801B832500A68F00D2B91F /* Products */;
			projectDirPath = "";
			projectRoot = "";
			targets = (
				47801B812500A68F00D2B91F /* SKATE with Heart */,
			);
		};
/* End PBXProject section */

/* Begin PBXResourcesBuildPhase section */
		47801B802500A68F00D2B91F /* Resources */ = {
			isa = PBXResourcesBuildPhase;
			buildActionMask = 2147483647;
			files = (
				47801B922500A69000D2B91F /* LaunchScreen.storyboard in Resources */,
				47801B8F2500A69000D2B91F /* Assets.xcassets in Resources */,
			);
			runOnlyForDeploymentPostprocessing = 0;
		};
/* End PBXResourcesBuildPhase section */

/* Begin PBXSourcesBuildPhase section */
		47801B7E2500A68F00D2B91F /* Sources */ = {
			isa = PBXSourcesBuildPhase;
			buildActionMask = 2147483647;
			files = (
				47801B862500A68F00D2B91F /* AppDelegate.swift in Sources */,
				47801BA12500AA3B00D2B91F /* UIColor+Ext.swift in Sources */,
				47801BA72500AB0D00D2B91F /* DonationListVC.swift in Sources */,
				47801B882500A68F00D2B91F /* SceneDelegate.swift in Sources */,
				47801BA52500AAEA00D2B91F /* CreateDonationVC.swift in Sources */,
				47801B9F2500A9FE00D2B91F /* UIView+Ext.swift in Sources */,
				47801BAA2500AE2200D2B91F /* SHTabBar.swift in Sources */,
			);
			runOnlyForDeploymentPostprocessing = 0;
		};
/* End PBXSourcesBuildPhase section */

/* Begin PBXVariantGroup section */
		47801B902500A69000D2B91F /* LaunchScreen.storyboard */ = {
			isa = PBXVariantGroup;
			children = (
				47801B912500A69000D2B91F /* Base */,
			);
			name = LaunchScreen.storyboard;
			sourceTree = "<group>";
		};
/* End PBXVariantGroup section */

/* Begin XCBuildConfiguration section */
		47801B942500A69000D2B91F /* Debug */ = {
			isa = XCBuildConfiguration;
			buildSettings = {
				ALWAYS_SEARCH_USER_PATHS = NO;
				CLANG_ANALYZER_NONNULL = YES;
				CLANG_ANALYZER_NUMBER_OBJECT_CONVERSION = YES_AGGRESSIVE;
				CLANG_CXX_LANGUAGE_STANDARD = "gnu++14";
				CLANG_CXX_LIBRARY = "libc++";
				CLANG_ENABLE_MODULES = YES;
				CLANG_ENABLE_OBJC_ARC = YES;
				CLANG_ENABLE_OBJC_WEAK = YES;
				CLANG_WARN_BLOCK_CAPTURE_AUTORELEASING = YES;
				CLANG_WARN_BOOL_CONVERSION = YES;
				CLANG_WARN_COMMA = YES;
				CLANG_WARN_CONSTANT_CONVERSION = YES;
				CLANG_WARN_DEPRECATED_OBJC_IMPLEMENTATIONS = YES;
				CLANG_WARN_DIRECT_OBJC_ISA_USAGE = YES_ERROR;
				CLANG_WARN_DOCUMENTATION_COMMENTS = YES;
				CLANG_WARN_EMPTY_BODY = YES;
				CLANG_WARN_ENUM_CONVERSION = YES;
				CLANG_WARN_INFINITE_RECURSION = YES;
				CLANG_WARN_INT_CONVERSION = YES;
				CLANG_WARN_NON_LITERAL_NULL_CONVERSION = YES;
				CLANG_WARN_OBJC_IMPLICIT_RETAIN_SELF = YES;
				CLANG_WARN_OBJC_LITERAL_CONVERSION = YES;
				CLANG_WARN_OBJC_ROOT_CLASS = YES_ERROR;
				CLANG_WARN_RANGE_LOOP_ANALYSIS = YES;
				CLANG_WARN_STRICT_PROTOTYPES = YES;
				CLANG_WARN_SUSPICIOUS_MOVE = YES;
				CLANG_WARN_UNGUARDED_AVAILABILITY = YES_AGGRESSIVE;
				CLANG_WARN_UNREACHABLE_CODE = YES;
				CLANG_WARN__DUPLICATE_METHOD_MATCH = YES;
				COPY_PHASE_STRIP = NO;
				DEBUG_INFORMATION_FORMAT = dwarf;
				ENABLE_STRICT_OBJC_MSGSEND = YES;
				ENABLE_TESTABILITY = YES;
				GCC_C_LANGUAGE_STANDARD = gnu11;
				GCC_DYNAMIC_NO_PIC = NO;
				GCC_NO_COMMON_BLOCKS = YES;
				GCC_OPTIMIZATION_LEVEL = 0;
				GCC_PREPROCESSOR_DEFINITIONS = (
					"DEBUG=1",
					"$(inherited)",
				);
				GCC_WARN_64_TO_32_BIT_CONVERSION = YES;
				GCC_WARN_ABOUT_RETURN_TYPE = YES_ERROR;
				GCC_WARN_UNDECLARED_SELECTOR = YES;
				GCC_WARN_UNINITIALIZED_AUTOS = YES_AGGRESSIVE;
				GCC_WARN_UNUSED_FUNCTION = YES;
				GCC_WARN_UNUSED_VARIABLE = YES;
				IPHONEOS_DEPLOYMENT_TARGET = 13.6;
				MTL_ENABLE_DEBUG_INFO = INCLUDE_SOURCE;
				MTL_FAST_MATH = YES;
				ONLY_ACTIVE_ARCH = YES;
				SDKROOT = iphoneos;
				SWIFT_ACTIVE_COMPILATION_CONDITIONS = DEBUG;
				SWIFT_OPTIMIZATION_LEVEL = "-Onone";
			};
			name = Debug;
		};
		47801B952500A69000D2B91F /* Release */ = {
			isa = XCBuildConfiguration;
			buildSettings = {
				ALWAYS_SEARCH_USER_PATHS = NO;
				CLANG_ANALYZER_NONNULL = YES;
				CLANG_ANALYZER_NUMBER_OBJECT_CONVERSION = YES_AGGRESSIVE;
				CLANG_CXX_LANGUAGE_STANDARD = "gnu++14";
				CLANG_CXX_LIBRARY = "libc++";
				CLANG_ENABLE_MODULES = YES;
				CLANG_ENABLE_OBJC_ARC = YES;
				CLANG_ENABLE_OBJC_WEAK = YES;
				CLANG_WARN_BLOCK_CAPTURE_AUTORELEASING = YES;
				CLANG_WARN_BOOL_CONVERSION = YES;
				CLANG_WARN_COMMA = YES;
				CLANG_WARN_CONSTANT_CONVERSION = YES;
				CLANG_WARN_DEPRECATED_OBJC_IMPLEMENTATIONS = YES;
				CLANG_WARN_DIRECT_OBJC_ISA_USAGE = YES_ERROR;
				CLANG_WARN_DOCUMENTATION_COMMENTS = YES;
				CLANG_WARN_EMPTY_BODY = YES;
				CLANG_WARN_ENUM_CONVERSION = YES;
				CLANG_WARN_INFINITE_RECURSION = YES;
				CLANG_WARN_INT_CONVERSION = YES;
				CLANG_WARN_NON_LITERAL_NULL_CONVERSION = YES;
				CLANG_WARN_OBJC_IMPLICIT_RETAIN_SELF = YES;
				CLANG_WARN_OBJC_LITERAL_CONVERSION = YES;
				CLANG_WARN_OBJC_ROOT_CLASS = YES_ERROR;
				CLANG_WARN_RANGE_LOOP_ANALYSIS = YES;
				CLANG_WARN_STRICT_PROTOTYPES = YES;
				CLANG_WARN_SUSPICIOUS_MOVE = YES;
				CLANG_WARN_UNGUARDED_AVAILABILITY = YES_AGGRESSIVE;
				CLANG_WARN_UNREACHABLE_CODE = YES;
				CLANG_WARN__DUPLICATE_METHOD_MATCH = YES;
				COPY_PHASE_STRIP = NO;
				DEBUG_INFORMATION_FORMAT = "dwarf-with-dsym";
				ENABLE_NS_ASSERTIONS = NO;
				ENABLE_STRICT_OBJC_MSGSEND = YES;
				GCC_C_LANGUAGE_STANDARD = gnu11;
				GCC_NO_COMMON_BLOCKS = YES;
				GCC_WARN_64_TO_32_BIT_CONVERSION = YES;
				GCC_WARN_ABOUT_RETURN_TYPE = YES_ERROR;
				GCC_WARN_UNDECLARED_SELECTOR = YES;
				GCC_WARN_UNINITIALIZED_AUTOS = YES_AGGRESSIVE;
				GCC_WARN_UNUSED_FUNCTION = YES;
				GCC_WARN_UNUSED_VARIABLE = YES;
				IPHONEOS_DEPLOYMENT_TARGET = 13.6;
				MTL_ENABLE_DEBUG_INFO = NO;
				MTL_FAST_MATH = YES;
				SDKROOT = iphoneos;
				SWIFT_COMPILATION_MODE = wholemodule;
				SWIFT_OPTIMIZATION_LEVEL = "-O";
				VALIDATE_PRODUCT = YES;
			};
			name = Release;
		};
		47801B972500A69000D2B91F /* Debug */ = {
			isa = XCBuildConfiguration;
			buildSettings = {
				ASSETCATALOG_COMPILER_APPICON_NAME = AppIcon;
				CODE_SIGN_STYLE = Automatic;
				DEVELOPMENT_TEAM = 7BXSU3YQGA;
				INFOPLIST_FILE = "SKATE with Heart/Info.plist";
				LD_RUNPATH_SEARCH_PATHS = (
					"$(inherited)",
					"@executable_path/Frameworks",
				);
				PRODUCT_BUNDLE_IDENTIFIER = "com.castleCode.SKATE-with-Heart";
				PRODUCT_NAME = "$(TARGET_NAME)";
				SWIFT_VERSION = 5.0;
				TARGETED_DEVICE_FAMILY = 1;
			};
			name = Debug;
		};
		47801B982500A69000D2B91F /* Release */ = {
			isa = XCBuildConfiguration;
			buildSettings = {
				ASSETCATALOG_COMPILER_APPICON_NAME = AppIcon;
				CODE_SIGN_STYLE = Automatic;
				DEVELOPMENT_TEAM = 7BXSU3YQGA;
				INFOPLIST_FILE = "SKATE with Heart/Info.plist";
				LD_RUNPATH_SEARCH_PATHS = (
					"$(inherited)",
					"@executable_path/Frameworks",
				);
				PRODUCT_BUNDLE_IDENTIFIER = "com.castleCode.SKATE-with-Heart";
				PRODUCT_NAME = "$(TARGET_NAME)";
				SWIFT_VERSION = 5.0;
				TARGETED_DEVICE_FAMILY = 1;
			};
			name = Release;
		};
/* End XCBuildConfiguration section */

/* Begin XCConfigurationList section */
		47801B7D2500A68F00D2B91F /* Build configuration list for PBXProject "SKATE with Heart" */ = {
			isa = XCConfigurationList;
			buildConfigurations = (
				47801B942500A69000D2B91F /* Debug */,
				47801B952500A69000D2B91F /* Release */,
			);
			defaultConfigurationIsVisible = 0;
			defaultConfigurationName = Release;
		};
		47801B962500A69000D2B91F /* Build configuration list for PBXNativeTarget "SKATE with Heart" */ = {
			isa = XCConfigurationList;
			buildConfigurations = (
				47801B972500A69000D2B91F /* Debug */,
				47801B982500A69000D2B91F /* Release */,
			);
			defaultConfigurationIsVisible = 0;
			defaultConfigurationName = Release;
		};
/* End XCConfigurationList section */
	};
	rootObject = 47801B7A2500A68F00D2B91F /* Project object */;
}
