// !$*UTF8*$!
{
	archiveVersion = 1;
	classes = {
	};
	objectVersion = 51;
	objects = {

/* Begin PBXBuildFile section */
		386B2958C93FA4578BF912B1 /* Pods_SKATE_with_Heart.framework in Frameworks */ = {isa = PBXBuildFile; fileRef = 1825B08902A75A94334B995E /* Pods_SKATE_with_Heart.framework */; };
		47801B862500A68F00D2B91F /* AppDelegate.swift in Sources */ = {isa = PBXBuildFile; fileRef = 47801B852500A68F00D2B91F /* AppDelegate.swift */; };
		47801B882500A68F00D2B91F /* SceneDelegate.swift in Sources */ = {isa = PBXBuildFile; fileRef = 47801B872500A68F00D2B91F /* SceneDelegate.swift */; };
		47801B8F2500A69000D2B91F /* Assets.xcassets in Resources */ = {isa = PBXBuildFile; fileRef = 47801B8E2500A69000D2B91F /* Assets.xcassets */; };
		47801B922500A69000D2B91F /* LaunchScreen.storyboard in Resources */ = {isa = PBXBuildFile; fileRef = 47801B902500A69000D2B91F /* LaunchScreen.storyboard */; };
		47801B9F2500A9FE00D2B91F /* UIView+Ext.swift in Sources */ = {isa = PBXBuildFile; fileRef = 47801B9E2500A9FE00D2B91F /* UIView+Ext.swift */; };
		47801BA12500AA3B00D2B91F /* UIColor+Ext.swift in Sources */ = {isa = PBXBuildFile; fileRef = 47801BA02500AA3B00D2B91F /* UIColor+Ext.swift */; };
		47801BA52500AAEA00D2B91F /* CreateDonationVC.swift in Sources */ = {isa = PBXBuildFile; fileRef = 47801BA42500AAEA00D2B91F /* CreateDonationVC.swift */; };
		47801BA72500AB0D00D2B91F /* DonationListVC.swift in Sources */ = {isa = PBXBuildFile; fileRef = 47801BA62500AB0D00D2B91F /* DonationListVC.swift */; };
		47801BAA2500AE2200D2B91F /* SHTabBar.swift in Sources */ = {isa = PBXBuildFile; fileRef = 47801BA92500AE2200D2B91F /* SHTabBar.swift */; };
		47801BAC2500B87600D2B91F /* GoogleService-Info.plist in Resources */ = {isa = PBXBuildFile; fileRef = 47801BAB2500B87600D2B91F /* GoogleService-Info.plist */; };
		47A1EDBA2500BED900FE41C6 /* User.swift in Sources */ = {isa = PBXBuildFile; fileRef = 47A1EDB92500BED900FE41C6 /* User.swift */; };
		47A1EDBD2500C72300FE41C6 /* SignupVC.swift in Sources */ = {isa = PBXBuildFile; fileRef = 47A1EDBC2500C72300FE41C6 /* SignupVC.swift */; };
		47A1EDC02500C8AF00FE41C6 /* SHTextField.swift in Sources */ = {isa = PBXBuildFile; fileRef = 47A1EDBF2500C8AF00FE41C6 /* SHTextField.swift */; };
		47A1EDC32500C90F00FE41C6 /* SHButton.swift in Sources */ = {isa = PBXBuildFile; fileRef = 47A1EDC22500C90F00FE41C6 /* SHButton.swift */; };
		47A1EDC52500CDBA00FE41C6 /* SignUpVM.swift in Sources */ = {isa = PBXBuildFile; fileRef = 47A1EDC42500CDBA00FE41C6 /* SignUpVM.swift */; };
		47A1EDC82500CE8D00FE41C6 /* Bindable.swift in Sources */ = {isa = PBXBuildFile; fileRef = 47A1EDC72500CE8D00FE41C6 /* Bindable.swift */; };
		47A1EDCA2500D0F100FE41C6 /* UIViewController+Ext.swift in Sources */ = {isa = PBXBuildFile; fileRef = 47A1EDC92500D0F100FE41C6 /* UIViewController+Ext.swift */; };
		47A1EDCD2500E88B00FE41C6 /* LoginVC.swift in Sources */ = {isa = PBXBuildFile; fileRef = 47A1EDCC2500E88B00FE41C6 /* LoginVC.swift */; };
		47A1EDCF2500EACA00FE41C6 /* LoginVM.swift in Sources */ = {isa = PBXBuildFile; fileRef = 47A1EDCE2500EACA00FE41C6 /* LoginVM.swift */; };
		47A1EDD12501396000FE41C6 /* CreateDonationVM.swift in Sources */ = {isa = PBXBuildFile; fileRef = 47A1EDD02501396000FE41C6 /* CreateDonationVM.swift */; };
		47A1EDD325014A1900FE41C6 /* DonationListVM.swift in Sources */ = {isa = PBXBuildFile; fileRef = 47A1EDD225014A1900FE41C6 /* DonationListVM.swift */; };
		47A1EDD62501523300FE41C6 /* DonationCell.swift in Sources */ = {isa = PBXBuildFile; fileRef = 47A1EDD52501523300FE41C6 /* DonationCell.swift */; };
/* End PBXBuildFile section */

/* Begin PBXFileReference section */
		1825B08902A75A94334B995E /* Pods_SKATE_with_Heart.framework */ = {isa = PBXFileReference; explicitFileType = wrapper.framework; includeInIndex = 0; path = Pods_SKATE_with_Heart.framework; sourceTree = BUILT_PRODUCTS_DIR; };
		4645452B1E6CC9046B53F278 /* Pods-SKATE with Heart.release.xcconfig */ = {isa = PBXFileReference; includeInIndex = 1; lastKnownFileType = text.xcconfig; name = "Pods-SKATE with Heart.release.xcconfig"; path = "Target Support Files/Pods-SKATE with Heart/Pods-SKATE with Heart.release.xcconfig"; sourceTree = "<group>"; };
		47801B822500A68F00D2B91F /* SKATE with Heart.app */ = {isa = PBXFileReference; explicitFileType = wrapper.application; includeInIndex = 0; path = "SKATE with Heart.app"; sourceTree = BUILT_PRODUCTS_DIR; };
		47801B852500A68F00D2B91F /* AppDelegate.swift */ = {isa = PBXFileReference; lastKnownFileType = sourcecode.swift; path = AppDelegate.swift; sourceTree = "<group>"; };
		47801B872500A68F00D2B91F /* SceneDelegate.swift */ = {isa = PBXFileReference; lastKnownFileType = sourcecode.swift; path = SceneDelegate.swift; sourceTree = "<group>"; };
		47801B8E2500A69000D2B91F /* Assets.xcassets */ = {isa = PBXFileReference; lastKnownFileType = folder.assetcatalog; path = Assets.xcassets; sourceTree = "<group>"; };
		47801B912500A69000D2B91F /* Base */ = {isa = PBXFileReference; lastKnownFileType = file.storyboard; name = Base; path = Base.lproj/LaunchScreen.storyboard; sourceTree = "<group>"; };
		47801B932500A69000D2B91F /* Info.plist */ = {isa = PBXFileReference; lastKnownFileType = text.plist.xml; path = Info.plist; sourceTree = "<group>"; };
		47801B9E2500A9FE00D2B91F /* UIView+Ext.swift */ = {isa = PBXFileReference; lastKnownFileType = sourcecode.swift; path = "UIView+Ext.swift"; sourceTree = "<group>"; };
		47801BA02500AA3B00D2B91F /* UIColor+Ext.swift */ = {isa = PBXFileReference; lastKnownFileType = sourcecode.swift; path = "UIColor+Ext.swift"; sourceTree = "<group>"; };
		47801BA42500AAEA00D2B91F /* CreateDonationVC.swift */ = {isa = PBXFileReference; lastKnownFileType = sourcecode.swift; path = CreateDonationVC.swift; sourceTree = "<group>"; };
		47801BA62500AB0D00D2B91F /* DonationListVC.swift */ = {isa = PBXFileReference; lastKnownFileType = sourcecode.swift; path = DonationListVC.swift; sourceTree = "<group>"; };
		47801BA92500AE2200D2B91F /* SHTabBar.swift */ = {isa = PBXFileReference; lastKnownFileType = sourcecode.swift; path = SHTabBar.swift; sourceTree = "<group>"; };
		47801BAB2500B87600D2B91F /* GoogleService-Info.plist */ = {isa = PBXFileReference; fileEncoding = 4; lastKnownFileType = text.plist.xml; path = "GoogleService-Info.plist"; sourceTree = "<group>"; };
		47A1EDB92500BED900FE41C6 /* User.swift */ = {isa = PBXFileReference; lastKnownFileType = sourcecode.swift; path = User.swift; sourceTree = "<group>"; };
		47A1EDBC2500C72300FE41C6 /* SignupVC.swift */ = {isa = PBXFileReference; lastKnownFileType = sourcecode.swift; path = SignupVC.swift; sourceTree = "<group>"; };
		47A1EDBF2500C8AF00FE41C6 /* SHTextField.swift */ = {isa = PBXFileReference; lastKnownFileType = sourcecode.swift; path = SHTextField.swift; sourceTree = "<group>"; };
		47A1EDC22500C90F00FE41C6 /* SHButton.swift */ = {isa = PBXFileReference; lastKnownFileType = sourcecode.swift; path = SHButton.swift; sourceTree = "<group>"; };
		47A1EDC42500CDBA00FE41C6 /* SignUpVM.swift */ = {isa = PBXFileReference; lastKnownFileType = sourcecode.swift; path = SignUpVM.swift; sourceTree = "<group>"; };
		47A1EDC72500CE8D00FE41C6 /* Bindable.swift */ = {isa = PBXFileReference; lastKnownFileType = sourcecode.swift; path = Bindable.swift; sourceTree = "<group>"; };
		47A1EDC92500D0F100FE41C6 /* UIViewController+Ext.swift */ = {isa = PBXFileReference; lastKnownFileType = sourcecode.swift; path = "UIViewController+Ext.swift"; sourceTree = "<group>"; };
		47A1EDCC2500E88B00FE41C6 /* LoginVC.swift */ = {isa = PBXFileReference; lastKnownFileType = sourcecode.swift; path = LoginVC.swift; sourceTree = "<group>"; };
		47A1EDCE2500EACA00FE41C6 /* LoginVM.swift */ = {isa = PBXFileReference; lastKnownFileType = sourcecode.swift; path = LoginVM.swift; sourceTree = "<group>"; };
		47A1EDD02501396000FE41C6 /* CreateDonationVM.swift */ = {isa = PBXFileReference; lastKnownFileType = sourcecode.swift; path = CreateDonationVM.swift; sourceTree = "<group>"; };
		47A1EDD225014A1900FE41C6 /* DonationListVM.swift */ = {isa = PBXFileReference; lastKnownFileType = sourcecode.swift; path = DonationListVM.swift; sourceTree = "<group>"; };
		47A1EDD52501523300FE41C6 /* DonationCell.swift */ = {isa = PBXFileReference; lastKnownFileType = sourcecode.swift; path = DonationCell.swift; sourceTree = "<group>"; };
		9329F10451666FC5CC2C7405 /* Pods-SKATE with Heart.debug.xcconfig */ = {isa = PBXFileReference; includeInIndex = 1; lastKnownFileType = text.xcconfig; name = "Pods-SKATE with Heart.debug.xcconfig"; path = "Target Support Files/Pods-SKATE with Heart/Pods-SKATE with Heart.debug.xcconfig"; sourceTree = "<group>"; };
/* End PBXFileReference section */

/* Begin PBXFrameworksBuildPhase section */
		47801B7F2500A68F00D2B91F /* Frameworks */ = {
			isa = PBXFrameworksBuildPhase;
			buildActionMask = 2147483647;
			files = (
				386B2958C93FA4578BF912B1 /* Pods_SKATE_with_Heart.framework in Frameworks */,
			);
			runOnlyForDeploymentPostprocessing = 0;
		};
/* End PBXFrameworksBuildPhase section */

/* Begin PBXGroup section */
		0B4FED6776C930834B41CE93 /* Pods */ = {
			isa = PBXGroup;
			children = (
				9329F10451666FC5CC2C7405 /* Pods-SKATE with Heart.debug.xcconfig */,
				4645452B1E6CC9046B53F278 /* Pods-SKATE with Heart.release.xcconfig */,
			);
			path = Pods;
			sourceTree = "<group>";
		};
		125D950E22D91DCFE8F3CF0D /* Frameworks */ = {
			isa = PBXGroup;
			children = (
				1825B08902A75A94334B995E /* Pods_SKATE_with_Heart.framework */,
			);
			name = Frameworks;
			sourceTree = "<group>";
		};
		47801B792500A68F00D2B91F = {
			isa = PBXGroup;
			children = (
				47801B842500A68F00D2B91F /* SKATE with Heart */,
				47801B832500A68F00D2B91F /* Products */,
				0B4FED6776C930834B41CE93 /* Pods */,
				125D950E22D91DCFE8F3CF0D /* Frameworks */,
			);
			sourceTree = "<group>";
		};
		47801B832500A68F00D2B91F /* Products */ = {
			isa = PBXGroup;
			children = (
				47801B822500A68F00D2B91F /* SKATE with Heart.app */,
			);
			name = Products;
			sourceTree = "<group>";
		};
		47801B842500A68F00D2B91F /* SKATE with Heart */ = {
			isa = PBXGroup;
			children = (
				47801B992500A92E00D2B91F /* Models */,
				47801B9B2500A94900D2B91F /* Custom Views */,
				47801B9A2500A93600D2B91F /* Scenes */,
				47A1EDC62500CE7500FE41C6 /* Helper */,
				47801B9D2500A9C700D2B91F /* Extensions */,
				47801B9C2500A96700D2B91F /* Support Files */,
			);
			path = "SKATE with Heart";
			sourceTree = "<group>";
		};
		47801B992500A92E00D2B91F /* Models */ = {
			isa = PBXGroup;
			children = (
				47A1EDB92500BED900FE41C6 /* User.swift */,
			);
			path = Models;
			sourceTree = "<group>";
		};
		47801B9A2500A93600D2B91F /* Scenes */ = {
			isa = PBXGroup;
			children = (
				47A1EDCB2500E86F00FE41C6 /* Login */,
				47A1EDBB2500C70800FE41C6 /* Signup */,
				47801BA22500AAAC00D2B91F /* Create Donation */,
				47801BA32500AAC200D2B91F /* Donations List */,
			);
			path = Scenes;
			sourceTree = "<group>";
		};
		47801B9B2500A94900D2B91F /* Custom Views */ = {
			isa = PBXGroup;
			children = (
				47A1EDD42501520E00FE41C6 /* Collection View Cells */,
				47A1EDC12500C8F800FE41C6 /* Buttons */,
				47A1EDBE2500C89000FE41C6 /* Text Fields */,
				47801BA82500ADF000D2B91F /* Tab Bar */,
			);
			path = "Custom Views";
			sourceTree = "<group>";
		};
		47801B9C2500A96700D2B91F /* Support Files */ = {
			isa = PBXGroup;
			children = (
				47801BAB2500B87600D2B91F /* GoogleService-Info.plist */,
				47801B852500A68F00D2B91F /* AppDelegate.swift */,
				47801B872500A68F00D2B91F /* SceneDelegate.swift */,
				47801B8E2500A69000D2B91F /* Assets.xcassets */,
				47801B902500A69000D2B91F /* LaunchScreen.storyboard */,
				47801B932500A69000D2B91F /* Info.plist */,
			);
			name = "Support Files";
			sourceTree = "<group>";
		};
		47801B9D2500A9C700D2B91F /* Extensions */ = {
			isa = PBXGroup;
			children = (
				47801B9E2500A9FE00D2B91F /* UIView+Ext.swift */,
				47801BA02500AA3B00D2B91F /* UIColor+Ext.swift */,
				47A1EDC92500D0F100FE41C6 /* UIViewController+Ext.swift */,
			);
			path = Extensions;
			sourceTree = "<group>";
		};
		47801BA22500AAAC00D2B91F /* Create Donation */ = {
			isa = PBXGroup;
			children = (
				47801BA42500AAEA00D2B91F /* CreateDonationVC.swift */,
				47A1EDD02501396000FE41C6 /* CreateDonationVM.swift */,
			);
			path = "Create Donation";
			sourceTree = "<group>";
		};
		47801BA32500AAC200D2B91F /* Donations List */ = {
			isa = PBXGroup;
			children = (
				47801BA62500AB0D00D2B91F /* DonationListVC.swift */,
				47A1EDD225014A1900FE41C6 /* DonationListVM.swift */,
			);
			path = "Donations List";
			sourceTree = "<group>";
		};
		47801BA82500ADF000D2B91F /* Tab Bar */ = {
			isa = PBXGroup;
			children = (
				47801BA92500AE2200D2B91F /* SHTabBar.swift */,
			);
			path = "Tab Bar";
			sourceTree = "<group>";
		};
		47A1EDBB2500C70800FE41C6 /* Signup */ = {
			isa = PBXGroup;
			children = (
				47A1EDBC2500C72300FE41C6 /* SignupVC.swift */,
				47A1EDC42500CDBA00FE41C6 /* SignUpVM.swift */,
			);
			path = Signup;
			sourceTree = "<group>";
		};
		47A1EDBE2500C89000FE41C6 /* Text Fields */ = {
			isa = PBXGroup;
			children = (
				47A1EDBF2500C8AF00FE41C6 /* SHTextField.swift */,
			);
			path = "Text Fields";
			sourceTree = "<group>";
		};
		47A1EDC12500C8F800FE41C6 /* Buttons */ = {
			isa = PBXGroup;
			children = (
				47A1EDC22500C90F00FE41C6 /* SHButton.swift */,
			);
			path = Buttons;
			sourceTree = "<group>";
		};
		47A1EDC62500CE7500FE41C6 /* Helper */ = {
			isa = PBXGroup;
			children = (
				47A1EDC72500CE8D00FE41C6 /* Bindable.swift */,
			);
			path = Helper;
			sourceTree = "<group>";
		};
		47A1EDCB2500E86F00FE41C6 /* Login */ = {
			isa = PBXGroup;
			children = (
				47A1EDCC2500E88B00FE41C6 /* LoginVC.swift */,
				47A1EDCE2500EACA00FE41C6 /* LoginVM.swift */,
			);
			path = Login;
			sourceTree = "<group>";
		};
		47A1EDD42501520E00FE41C6 /* Collection View Cells */ = {
			isa = PBXGroup;
			children = (
				47A1EDD52501523300FE41C6 /* DonationCell.swift */,
			);
			path = "Collection View Cells";
			sourceTree = "<group>";
		};
/* End PBXGroup section */

/* Begin PBXNativeTarget section */
		47801B812500A68F00D2B91F /* SKATE with Heart */ = {
			isa = PBXNativeTarget;
			buildConfigurationList = 47801B962500A69000D2B91F /* Build configuration list for PBXNativeTarget "SKATE with Heart" */;
			buildPhases = (
				81445C6E7094054398157CD6 /* [CP] Check Pods Manifest.lock */,
				47801B7E2500A68F00D2B91F /* Sources */,
				47801B7F2500A68F00D2B91F /* Frameworks */,
				47801B802500A68F00D2B91F /* Resources */,
				F8F9940D727C3CE7259F4202 /* [CP] Embed Pods Frameworks */,
			);
			buildRules = (
			);
			dependencies = (
			);
			name = "SKATE with Heart";
			productName = "SKATE with Heart";
			productReference = 47801B822500A68F00D2B91F /* SKATE with Heart.app */;
			productType = "com.apple.product-type.application";
		};
/* End PBXNativeTarget section */

/* Begin PBXProject section */
		47801B7A2500A68F00D2B91F /* Project object */ = {
			isa = PBXProject;
			attributes = {
				LastSwiftUpdateCheck = 1160;
				LastUpgradeCheck = 1160;
				ORGANIZATIONNAME = "Hansa Anuradha";
				TargetAttributes = {
					47801B812500A68F00D2B91F = {
						CreatedOnToolsVersion = 11.6;
					};
				};
			};
			buildConfigurationList = 47801B7D2500A68F00D2B91F /* Build configuration list for PBXProject "SKATE with Heart" */;
			compatibilityVersion = "Xcode 9.3";
			developmentRegion = en;
			hasScannedForEncodings = 0;
			knownRegions = (
				en,
				Base,
			);
			mainGroup = 47801B792500A68F00D2B91F;
			productRefGroup = 47801B832500A68F00D2B91F /* Products */;
			projectDirPath = "";
			projectRoot = "";
			targets = (
				47801B812500A68F00D2B91F /* SKATE with Heart */,
			);
		};
/* End PBXProject section */

/* Begin PBXResourcesBuildPhase section */
		47801B802500A68F00D2B91F /* Resources */ = {
			isa = PBXResourcesBuildPhase;
			buildActionMask = 2147483647;
			files = (
				47801B922500A69000D2B91F /* LaunchScreen.storyboard in Resources */,
				47801B8F2500A69000D2B91F /* Assets.xcassets in Resources */,
				47801BAC2500B87600D2B91F /* GoogleService-Info.plist in Resources */,
			);
			runOnlyForDeploymentPostprocessing = 0;
		};
/* End PBXResourcesBuildPhase section */

/* Begin PBXShellScriptBuildPhase section */
		81445C6E7094054398157CD6 /* [CP] Check Pods Manifest.lock */ = {
			isa = PBXShellScriptBuildPhase;
			buildActionMask = 2147483647;
			files = (
			);
			inputFileListPaths = (
			);
			inputPaths = (
				"${PODS_PODFILE_DIR_PATH}/Podfile.lock",
				"${PODS_ROOT}/Manifest.lock",
			);
			name = "[CP] Check Pods Manifest.lock";
			outputFileListPaths = (
			);
			outputPaths = (
				"$(DERIVED_FILE_DIR)/Pods-SKATE with Heart-checkManifestLockResult.txt",
			);
			runOnlyForDeploymentPostprocessing = 0;
			shellPath = /bin/sh;
			shellScript = "diff \"${PODS_PODFILE_DIR_PATH}/Podfile.lock\" \"${PODS_ROOT}/Manifest.lock\" > /dev/null\nif [ $? != 0 ] ; then\n    # print error to STDERR\n    echo \"error: The sandbox is not in sync with the Podfile.lock. Run 'pod install' or update your CocoaPods installation.\" >&2\n    exit 1\nfi\n# This output is used by Xcode 'outputs' to avoid re-running this script phase.\necho \"SUCCESS\" > \"${SCRIPT_OUTPUT_FILE_0}\"\n";
			showEnvVarsInLog = 0;
		};
		F8F9940D727C3CE7259F4202 /* [CP] Embed Pods Frameworks */ = {
			isa = PBXShellScriptBuildPhase;
			buildActionMask = 2147483647;
			files = (
			);
			inputFileListPaths = (
				"${PODS_ROOT}/Target Support Files/Pods-SKATE with Heart/Pods-SKATE with Heart-frameworks-${CONFIGURATION}-input-files.xcfilelist",
			);
			name = "[CP] Embed Pods Frameworks";
			outputFileListPaths = (
				"${PODS_ROOT}/Target Support Files/Pods-SKATE with Heart/Pods-SKATE with Heart-frameworks-${CONFIGURATION}-output-files.xcfilelist",
			);
			runOnlyForDeploymentPostprocessing = 0;
			shellPath = /bin/sh;
			shellScript = "\"${PODS_ROOT}/Target Support Files/Pods-SKATE with Heart/Pods-SKATE with Heart-frameworks.sh\"\n";
			showEnvVarsInLog = 0;
		};
/* End PBXShellScriptBuildPhase section */

/* Begin PBXSourcesBuildPhase section */
		47801B7E2500A68F00D2B91F /* Sources */ = {
			isa = PBXSourcesBuildPhase;
			buildActionMask = 2147483647;
			files = (
				47A1EDC82500CE8D00FE41C6 /* Bindable.swift in Sources */,
				47A1EDC02500C8AF00FE41C6 /* SHTextField.swift in Sources */,
				47A1EDCA2500D0F100FE41C6 /* UIViewController+Ext.swift in Sources */,
				47801B862500A68F00D2B91F /* AppDelegate.swift in Sources */,
				47A1EDCF2500EACA00FE41C6 /* LoginVM.swift in Sources */,
				47A1EDD62501523300FE41C6 /* DonationCell.swift in Sources */,
				47801BA12500AA3B00D2B91F /* UIColor+Ext.swift in Sources */,
				47801BA72500AB0D00D2B91F /* DonationListVC.swift in Sources */,
				47A1EDBD2500C72300FE41C6 /* SignupVC.swift in Sources */,
				47A1EDD325014A1900FE41C6 /* DonationListVM.swift in Sources */,
				47801B882500A68F00D2B91F /* SceneDelegate.swift in Sources */,
				47A1EDC52500CDBA00FE41C6 /* SignUpVM.swift in Sources */,
				47A1EDBA2500BED900FE41C6 /* User.swift in Sources */,
				47801BA52500AAEA00D2B91F /* CreateDonationVC.swift in Sources */,
				47801B9F2500A9FE00D2B91F /* UIView+Ext.swift in Sources */,
				47A1EDC32500C90F00FE41C6 /* SHButton.swift in Sources */,
				47801BAA2500AE2200D2B91F /* SHTabBar.swift in Sources */,
				47A1EDCD2500E88B00FE41C6 /* LoginVC.swift in Sources */,
				47A1EDD12501396000FE41C6 /* CreateDonationVM.swift in Sources */,
			);
			runOnlyForDeploymentPostprocessing = 0;
		};
/* End PBXSourcesBuildPhase section */

/* Begin PBXVariantGroup section */
		47801B902500A69000D2B91F /* LaunchScreen.storyboard */ = {
			isa = PBXVariantGroup;
			children = (
				47801B912500A69000D2B91F /* Base */,
			);
			name = LaunchScreen.storyboard;
			sourceTree = "<group>";
		};
/* End PBXVariantGroup section */

/* Begin XCBuildConfiguration section */
		47801B942500A69000D2B91F /* Debug */ = {
			isa = XCBuildConfiguration;
			buildSettings = {
				ALWAYS_SEARCH_USER_PATHS = NO;
				CLANG_ANALYZER_NONNULL = YES;
				CLANG_ANALYZER_NUMBER_OBJECT_CONVERSION = YES_AGGRESSIVE;
				CLANG_CXX_LANGUAGE_STANDARD = "gnu++14";
				CLANG_CXX_LIBRARY = "libc++";
				CLANG_ENABLE_MODULES = YES;
				CLANG_ENABLE_OBJC_ARC = YES;
				CLANG_ENABLE_OBJC_WEAK = YES;
				CLANG_WARN_BLOCK_CAPTURE_AUTORELEASING = YES;
				CLANG_WARN_BOOL_CONVERSION = YES;
				CLANG_WARN_COMMA = YES;
				CLANG_WARN_CONSTANT_CONVERSION = YES;
				CLANG_WARN_DEPRECATED_OBJC_IMPLEMENTATIONS = YES;
				CLANG_WARN_DIRECT_OBJC_ISA_USAGE = YES_ERROR;
				CLANG_WARN_DOCUMENTATION_COMMENTS = YES;
				CLANG_WARN_EMPTY_BODY = YES;
				CLANG_WARN_ENUM_CONVERSION = YES;
				CLANG_WARN_INFINITE_RECURSION = YES;
				CLANG_WARN_INT_CONVERSION = YES;
				CLANG_WARN_NON_LITERAL_NULL_CONVERSION = YES;
				CLANG_WARN_OBJC_IMPLICIT_RETAIN_SELF = YES;
				CLANG_WARN_OBJC_LITERAL_CONVERSION = YES;
				CLANG_WARN_OBJC_ROOT_CLASS = YES_ERROR;
				CLANG_WARN_RANGE_LOOP_ANALYSIS = YES;
				CLANG_WARN_STRICT_PROTOTYPES = YES;
				CLANG_WARN_SUSPICIOUS_MOVE = YES;
				CLANG_WARN_UNGUARDED_AVAILABILITY = YES_AGGRESSIVE;
				CLANG_WARN_UNREACHABLE_CODE = YES;
				CLANG_WARN__DUPLICATE_METHOD_MATCH = YES;
				COPY_PHASE_STRIP = NO;
				DEBUG_INFORMATION_FORMAT = dwarf;
				ENABLE_STRICT_OBJC_MSGSEND = YES;
				ENABLE_TESTABILITY = YES;
				GCC_C_LANGUAGE_STANDARD = gnu11;
				GCC_DYNAMIC_NO_PIC = NO;
				GCC_NO_COMMON_BLOCKS = YES;
				GCC_OPTIMIZATION_LEVEL = 0;
				GCC_PREPROCESSOR_DEFINITIONS = (
					"DEBUG=1",
					"$(inherited)",
				);
				GCC_WARN_64_TO_32_BIT_CONVERSION = YES;
				GCC_WARN_ABOUT_RETURN_TYPE = YES_ERROR;
				GCC_WARN_UNDECLARED_SELECTOR = YES;
				GCC_WARN_UNINITIALIZED_AUTOS = YES_AGGRESSIVE;
				GCC_WARN_UNUSED_FUNCTION = YES;
				GCC_WARN_UNUSED_VARIABLE = YES;
				IPHONEOS_DEPLOYMENT_TARGET = 13.6;
				MTL_ENABLE_DEBUG_INFO = INCLUDE_SOURCE;
				MTL_FAST_MATH = YES;
				ONLY_ACTIVE_ARCH = YES;
				SDKROOT = iphoneos;
				SWIFT_ACTIVE_COMPILATION_CONDITIONS = DEBUG;
				SWIFT_OPTIMIZATION_LEVEL = "-Onone";
			};
			name = Debug;
		};
		47801B952500A69000D2B91F /* Release */ = {
			isa = XCBuildConfiguration;
			buildSettings = {
				ALWAYS_SEARCH_USER_PATHS = NO;
				CLANG_ANALYZER_NONNULL = YES;
				CLANG_ANALYZER_NUMBER_OBJECT_CONVERSION = YES_AGGRESSIVE;
				CLANG_CXX_LANGUAGE_STANDARD = "gnu++14";
				CLANG_CXX_LIBRARY = "libc++";
				CLANG_ENABLE_MODULES = YES;
				CLANG_ENABLE_OBJC_ARC = YES;
				CLANG_ENABLE_OBJC_WEAK = YES;
				CLANG_WARN_BLOCK_CAPTURE_AUTORELEASING = YES;
				CLANG_WARN_BOOL_CONVERSION = YES;
				CLANG_WARN_COMMA = YES;
				CLANG_WARN_CONSTANT_CONVERSION = YES;
				CLANG_WARN_DEPRECATED_OBJC_IMPLEMENTATIONS = YES;
				CLANG_WARN_DIRECT_OBJC_ISA_USAGE = YES_ERROR;
				CLANG_WARN_DOCUMENTATION_COMMENTS = YES;
				CLANG_WARN_EMPTY_BODY = YES;
				CLANG_WARN_ENUM_CONVERSION = YES;
				CLANG_WARN_INFINITE_RECURSION = YES;
				CLANG_WARN_INT_CONVERSION = YES;
				CLANG_WARN_NON_LITERAL_NULL_CONVERSION = YES;
				CLANG_WARN_OBJC_IMPLICIT_RETAIN_SELF = YES;
				CLANG_WARN_OBJC_LITERAL_CONVERSION = YES;
				CLANG_WARN_OBJC_ROOT_CLASS = YES_ERROR;
				CLANG_WARN_RANGE_LOOP_ANALYSIS = YES;
				CLANG_WARN_STRICT_PROTOTYPES = YES;
				CLANG_WARN_SUSPICIOUS_MOVE = YES;
				CLANG_WARN_UNGUARDED_AVAILABILITY = YES_AGGRESSIVE;
				CLANG_WARN_UNREACHABLE_CODE = YES;
				CLANG_WARN__DUPLICATE_METHOD_MATCH = YES;
				COPY_PHASE_STRIP = NO;
				DEBUG_INFORMATION_FORMAT = "dwarf-with-dsym";
				ENABLE_NS_ASSERTIONS = NO;
				ENABLE_STRICT_OBJC_MSGSEND = YES;
				GCC_C_LANGUAGE_STANDARD = gnu11;
				GCC_NO_COMMON_BLOCKS = YES;
				GCC_WARN_64_TO_32_BIT_CONVERSION = YES;
				GCC_WARN_ABOUT_RETURN_TYPE = YES_ERROR;
				GCC_WARN_UNDECLARED_SELECTOR = YES;
				GCC_WARN_UNINITIALIZED_AUTOS = YES_AGGRESSIVE;
				GCC_WARN_UNUSED_FUNCTION = YES;
				GCC_WARN_UNUSED_VARIABLE = YES;
				IPHONEOS_DEPLOYMENT_TARGET = 13.6;
				MTL_ENABLE_DEBUG_INFO = NO;
				MTL_FAST_MATH = YES;
				SDKROOT = iphoneos;
				SWIFT_COMPILATION_MODE = wholemodule;
				SWIFT_OPTIMIZATION_LEVEL = "-O";
				VALIDATE_PRODUCT = YES;
			};
			name = Release;
		};
		47801B972500A69000D2B91F /* Debug */ = {
			isa = XCBuildConfiguration;
			baseConfigurationReference = 9329F10451666FC5CC2C7405 /* Pods-SKATE with Heart.debug.xcconfig */;
			buildSettings = {
				ASSETCATALOG_COMPILER_APPICON_NAME = AppIcon;
				CODE_SIGN_STYLE = Automatic;
				DEVELOPMENT_TEAM = 7BXSU3YQGA;
				INFOPLIST_FILE = "SKATE with Heart/Info.plist";
				LD_RUNPATH_SEARCH_PATHS = (
					"$(inherited)",
					"@executable_path/Frameworks",
				);
				PRODUCT_BUNDLE_IDENTIFIER = "com.castleCode.SKATE-with-Heart";
				PRODUCT_NAME = "$(TARGET_NAME)";
				SWIFT_VERSION = 5.0;
				TARGETED_DEVICE_FAMILY = 1;
			};
			name = Debug;
		};
		47801B982500A69000D2B91F /* Release */ = {
			isa = XCBuildConfiguration;
			baseConfigurationReference = 4645452B1E6CC9046B53F278 /* Pods-SKATE with Heart.release.xcconfig */;
			buildSettings = {
				ASSETCATALOG_COMPILER_APPICON_NAME = AppIcon;
				CODE_SIGN_STYLE = Automatic;
				DEVELOPMENT_TEAM = 7BXSU3YQGA;
				INFOPLIST_FILE = "SKATE with Heart/Info.plist";
				LD_RUNPATH_SEARCH_PATHS = (
					"$(inherited)",
					"@executable_path/Frameworks",
				);
				PRODUCT_BUNDLE_IDENTIFIER = "com.castleCode.SKATE-with-Heart";
				PRODUCT_NAME = "$(TARGET_NAME)";
				SWIFT_VERSION = 5.0;
				TARGETED_DEVICE_FAMILY = 1;
			};
			name = Release;
		};
/* End XCBuildConfiguration section */

/* Begin XCConfigurationList section */
		47801B7D2500A68F00D2B91F /* Build configuration list for PBXProject "SKATE with Heart" */ = {
			isa = XCConfigurationList;
			buildConfigurations = (
				47801B942500A69000D2B91F /* Debug */,
				47801B952500A69000D2B91F /* Release */,
			);
			defaultConfigurationIsVisible = 0;
			defaultConfigurationName = Release;
		};
		47801B962500A69000D2B91F /* Build configuration list for PBXNativeTarget "SKATE with Heart" */ = {
			isa = XCConfigurationList;
			buildConfigurations = (
				47801B972500A69000D2B91F /* Debug */,
				47801B982500A69000D2B91F /* Release */,
			);
			defaultConfigurationIsVisible = 0;
			defaultConfigurationName = Release;
		};
/* End XCConfigurationList section */
	};
	rootObject = 47801B7A2500A68F00D2B91F /* Project object */;
}
